# This file is autogenerated, do not edit; changes may be undone by the next 'dep ensure'.


[[projects]]
  name = "github.com/adshao/go-binance"
  packages = ["."]
  revision = "e9a4ac01ca4814807bd4fb573da2129564cb23b3"
  version = "1.2.0"

[[projects]]
  name = "github.com/bitly/go-simplejson"
  packages = ["."]
  revision = "aabad6e819789e569bd6aabf444c935aa9ba1e44"
  version = "v0.5.0"

[[projects]]
  name = "github.com/gorilla/mux"
  packages = ["."]
  revision = "c5c6c98bc25355028a63748a498942a6398ccd22"
  version = "v1.7.1"

[[projects]]
  name = "github.com/gorilla/websocket"
  packages = ["."]
  revision = "66b9c49e59c6c48f0ffce28c2d8b8a5678502c6d"
  version = "v1.4.0"

[[projects]]
  branch = "master"
  name = "github.com/jyap808/go-poloniex"
  packages = ["."]
  revision = "50b163cd72c2230ab6f107a0c024f53d488c4ec0"

[[projects]]
  name = "github.com/konsorten/go-windows-terminal-sequences"
  packages = ["."]
  revision = "f55edac94c9bbba5d6182a4be46d86a2c9b5b50e"
  version = "v1.0.2"

[[projects]]
  branch = "master"
  name = "github.com/orionprotocol/price-feed"
  packages = ["api","config","exchanges/binance","exchanges/bittrex","exchanges/poloniex","logger","models","storage"]
  revision = "f36e9b9acbd76c1a0d433c72bfdeea78b28ef77b"

[[projects]]
  name = "github.com/pkg/errors"
  packages = ["."]
  revision = "ba968bfe8b2f7e042a574c888954fccecfa385b4"
  version = "v0.8.1"

[[projects]]
  name = "github.com/shopspring/decimal"
  packages = ["."]
  revision = "cd690d0c9e2447b1ef2a129a6b7b49077da89b8e"
  version = "1.1.0"

[[projects]]
  name = "github.com/sirupsen/logrus"
  packages = ["."]
  revision = "8bdbc7bcc01dcbb8ec23dc8a28e332258d25251f"
  version = "v1.4.1"

[[projects]]
  branch = "master"
  name = "github.com/thebotguys/signalr"
  packages = ["."]
  revision = "787ebe6729fc69294e8d385b21e795cff45a2bea"

[[projects]]
  branch = "master"
  name = "github.com/toorop/go-bittrex"
  packages = ["."]
  revision = "b4a20c2db009afea9ceca5d1592e34618ce3b324"

[[projects]]
  branch = "master"
  name = "golang.org/x/sys"
  packages = ["unix"]
  revision = "16072639606ea9e22c7d86e4cbd6af6314f4193c"

[[projects]]
  branch = "v1"
  name = "gopkg.in/bsm/ratelimit.v1"
  packages = ["."]
  revision = "db14e161995a5177acef654cb0dd785e8ee8bc22"

[[projects]]
  name = "gopkg.in/redis.v3"
  packages = [".","internal","internal/consistenthash","internal/hashtag","internal/pool"]
  revision = "b5e368500d0a508ef8f16e9c2d4025a8a46bcc29"
  version = "v3.6.4"

[solve-meta]
  analyzer-name = "dep"
  analyzer-version = 1
  inputs-digest = "e5dbdf456f28e387852a0f28622dcad30123de828627c1de99c02ee0bb8c6fb0"
  solver-name = "gps-cdcl"
  solver-version = 1
